
Microsoft Visual Studio Solution File, Format Version 12.00
# Visual Studio 15
VisualStudioVersion = 15.0.27004.2005
MinimumVisualStudioVersion = 10.0.40219.1
Project("{FAE04EC0-301F-11D3-BF4B-00C04F79EFBC}") = "OpenTap.Plugins.Demo.Battery", "Battery\OpenTap.Plugins.Demo.Battery.csproj", "{6ED5480D-D6A0-48E3-9B94-599568294626}"
EndProject
Project("{FAE04EC0-301F-11D3-BF4B-00C04F79EFBC}") = "OpenTap.Plugins.Demo.ResultsAndTiming", "ResultsAndTiming\OpenTap.Plugins.Demo.ResultsAndTiming.csproj", "{400E13F0-E63E-496B-9E3F-955BECC22444}"
	ProjectSection(ProjectDependencies) = postProject
		{FD33E5E1-C1A2-4113-8F0B-6D50924FDAFB} = {FD33E5E1-C1A2-4113-8F0B-6D50924FDAFB}
	EndProjectSection
EndProject
Project("{FAE04EC0-301F-11D3-BF4B-00C04F79EFBC}") = "ZipSource", "ZipSource\ZipSource.csproj", "{FD33E5E1-C1A2-4113-8F0B-6D50924FDAFB}"
EndProject
Global
	GlobalSection(SolutionConfigurationPlatforms) = preSolution
		Debug|Any CPU = Debug|Any CPU
		Release|Any CPU = Release|Any CPU
	EndGlobalSection
	GlobalSection(ProjectConfigurationPlatforms) = postSolution
		{6ED5480D-D6A0-48E3-9B94-599568294626}.Debug|Any CPU.ActiveCfg = Debug|Any CPU
		{6ED5480D-D6A0-48E3-9B94-599568294626}.Debug|Any CPU.Build.0 = Debug|Any CPU
		{6ED5480D-D6A0-48E3-9B94-599568294626}.Release|Any CPU.ActiveCfg = Release|Any CPU
		{6ED5480D-D6A0-48E3-9B94-599568294626}.Release|Any CPU.Build.0 = Release|Any CPU
		{400E13F0-E63E-496B-9E3F-955BECC22444}.Debug|Any CPU.ActiveCfg = Debug|Any CPU
		{400E13F0-E63E-496B-9E3F-955BECC22444}.Debug|Any CPU.Build.0 = Debug|Any CPU
		{400E13F0-E63E-496B-9E3F-955BECC22444}.Release|Any CPU.ActiveCfg = Release|Any CPU
		{400E13F0-E63E-496B-9E3F-955BECC22444}.Release|Any CPU.Build.0 = Release|Any CPU
		{FD33E5E1-C1A2-4113-8F0B-6D50924FDAFB}.Debug|Any CPU.ActiveCfg = Debug|Any CPU
		{FD33E5E1-C1A2-4113-8F0B-6D50924FDAFB}.Debug|Any CPU.Build.0 = Debug|Any CPU
		{FD33E5E1-C1A2-4113-8F0B-6D50924FDAFB}.Release|Any CPU.ActiveCfg = Release|Any CPU
		{FD33E5E1-C1A2-4113-8F0B-6D50924FDAFB}.Release|Any CPU.Build.0 = Release|Any CPU
	EndGlobalSection
	GlobalSection(SolutionProperties) = preSolution
		HideSolutionNode = FALSE
	EndGlobalSection
	GlobalSection(ExtensibilityGlobals) = postSolution
		SolutionGuid = {70A3904E-2398-43F2-86A6-DF42AB055FA0}
	EndGlobalSection
EndGlobal
